
Microsoft Visual Studio Solution File, Format Version 12.00
# Visual Studio Version 17
VisualStudioVersion = 17.7.34202.233
MinimumVisualStudioVersion = 10.0.40219.1
Project("{FAE04EC0-301F-11D3-BF4B-00C04F79EFBC}") = "StockExchange", "StockExchange\StockExchange.csproj", "{AEE7547E-D116-4E34-A2ED-5210EF2D3C19}"
EndProject
Project("{FAE04EC0-301F-11D3-BF4B-00C04F79EFBC}") = "BLL", "BLL\BLL.csproj", "{30F56F7C-245E-4EAE-9D7E-39106E5FDB34}"
EndProject
Project("{FAE04EC0-301F-11D3-BF4B-00C04F79EFBC}") = "DAL", "DAL\DAL.csproj", "{C9AAA5EA-ABD6-49FC-AA87-2E876811DF02}"
EndProject
Project("{FAE04EC0-301F-11D3-BF4B-00C04F79EFBC}") = "DTO", "DTO\DTO.csproj", "{CEF4DEDC-0C6B-49C1-A3BE-ABC5E0266243}"
EndProject
Project("{FAE04EC0-301F-11D3-BF4B-00C04F79EFBC}") = "TestStockExchange", "TestStockExchange\TestStockExchange.csproj", "{FDCA0CA3-E1A2-4D70-A3D5-8850ACD19CEB}"
EndProject
Global
	GlobalSection(SolutionConfigurationPlatforms) = preSolution
		Debug|Any CPU = Debug|Any CPU
		Release|Any CPU = Release|Any CPU
	EndGlobalSection
	GlobalSection(ProjectConfigurationPlatforms) = postSolution
		{AEE7547E-D116-4E34-A2ED-5210EF2D3C19}.Debug|Any CPU.ActiveCfg = Debug|Any CPU
		{AEE7547E-D116-4E34-A2ED-5210EF2D3C19}.Debug|Any CPU.Build.0 = Debug|Any CPU
		{AEE7547E-D116-4E34-A2ED-5210EF2D3C19}.Release|Any CPU.ActiveCfg = Release|Any CPU
		{AEE7547E-D116-4E34-A2ED-5210EF2D3C19}.Release|Any CPU.Build.0 = Release|Any CPU
		{30F56F7C-245E-4EAE-9D7E-39106E5FDB34}.Debug|Any CPU.ActiveCfg = Debug|Any CPU
		{30F56F7C-245E-4EAE-9D7E-39106E5FDB34}.Debug|Any CPU.Build.0 = Debug|Any CPU
		{30F56F7C-245E-4EAE-9D7E-39106E5FDB34}.Release|Any CPU.ActiveCfg = Release|Any CPU
		{30F56F7C-245E-4EAE-9D7E-39106E5FDB34}.Release|Any CPU.Build.0 = Release|Any CPU
		{C9AAA5EA-ABD6-49FC-AA87-2E876811DF02}.Debug|Any CPU.ActiveCfg = Debug|Any CPU
		{C9AAA5EA-ABD6-49FC-AA87-2E876811DF02}.Debug|Any CPU.Build.0 = Debug|Any CPU
		{C9AAA5EA-ABD6-49FC-AA87-2E876811DF02}.Release|Any CPU.ActiveCfg = Release|Any CPU
		{C9AAA5EA-ABD6-49FC-AA87-2E876811DF02}.Release|Any CPU.Build.0 = Release|Any CPU
		{CEF4DEDC-0C6B-49C1-A3BE-ABC5E0266243}.Debug|Any CPU.ActiveCfg = Debug|Any CPU
		{CEF4DEDC-0C6B-49C1-A3BE-ABC5E0266243}.Debug|Any CPU.Build.0 = Debug|Any CPU
		{CEF4DEDC-0C6B-49C1-A3BE-ABC5E0266243}.Release|Any CPU.ActiveCfg = Release|Any CPU
		{CEF4DEDC-0C6B-49C1-A3BE-ABC5E0266243}.Release|Any CPU.Build.0 = Release|Any CPU
		{FDCA0CA3-E1A2-4D70-A3D5-8850ACD19CEB}.Debug|Any CPU.ActiveCfg = Debug|Any CPU
		{FDCA0CA3-E1A2-4D70-A3D5-8850ACD19CEB}.Debug|Any CPU.Build.0 = Debug|Any CPU
		{FDCA0CA3-E1A2-4D70-A3D5-8850ACD19CEB}.Release|Any CPU.ActiveCfg = Release|Any CPU
		{FDCA0CA3-E1A2-4D70-A3D5-8850ACD19CEB}.Release|Any CPU.Build.0 = Release|Any CPU
	EndGlobalSection
	GlobalSection(SolutionProperties) = preSolution
		HideSolutionNode = FALSE
	EndGlobalSection
	GlobalSection(ExtensibilityGlobals) = postSolution
		SolutionGuid = {F0ABFC91-F956-4EC5-82CD-ED7938668F49}
	EndGlobalSection
EndGlobal
